
Microsoft Visual Studio Solution File, Format Version 12.00
# Visual Studio 15
VisualStudioVersion = 15.0.26403.3
MinimumVisualStudioVersion = 10.0.40219.1
Project("{2150E333-8FDC-42A3-9474-1A3956D46DE8}") = "YellowDrawer.Data.Common", "YellowDrawer.Data.Common", "{7F289475-1977-483F-9B41-FA472F34C56C}"
EndProject
Project("{2150E333-8FDC-42A3-9474-1A3956D46DE8}") = "YellowDrawer.Data.NHibernate", "YellowDrawer.Data.NHibernate", "{3E583BB9-A68F-4B72-8DC7-2EB6CCFB28E0}"
EndProject
Project("{2150E333-8FDC-42A3-9474-1A3956D46DE8}") = "YellowDrawer.Data.EF", "YellowDrawer.Data.EF", "{80027E36-464A-48AB-BB5D-F556F0912808}"
EndProject
Project("{FAE04EC0-301F-11D3-BF4B-00C04F79EFBC}") = "YellowDrawer.Data.Simple", "YellowDrawer.Data.Simple\YellowDrawer.Data.Simple.csproj", "{EB218340-D314-441C-A30A-14BE72D580D0}"
EndProject
Project("{FAE04EC0-301F-11D3-BF4B-00C04F79EFBC}") = "YellowDrawer.Data.Common", "YellowDrawer.Data.Common\YellowDrawer.Data.Common.csproj", "{B967C7C2-54DB-4DC5-A8D6-8589785BE284}"
EndProject
Project("{FAE04EC0-301F-11D3-BF4B-00C04F79EFBC}") = "YellowDrawer.Data.NH", "YellowDrawer.Data.NHibernate\YellowDrawer.Data.NH.csproj", "{E814461F-CCD8-4F5C-B9C2-C15B3E4B7D22}"
EndProject
Project("{FAE04EC0-301F-11D3-BF4B-00C04F79EFBC}") = "YellowDrawer.Data.EF", "YellowDrawer.Data.EF\YellowDrawer.Data.EF.csproj", "{683CF428-772A-4E4E-8630-90927A9FF6CE}"
EndProject
Project("{FAE04EC0-301F-11D3-BF4B-00C04F79EFBC}") = "YellowDrawer.Data.EF.Net4", "YellowDrawer.Data.EF\YellowDrawer.Data.EF.Net4.csproj", "{B9307192-02F0-472D-B4A0-DF2A51A259F7}"
EndProject
Project("{FAE04EC0-301F-11D3-BF4B-00C04F79EFBC}") = "YellowDrawer.Data.NH.Net4", "YellowDrawer.Data.NHibernate\YellowDrawer.Data.NH.Net4.csproj", "{95BAE005-A9F3-4280-912E-FF4B8543BE85}"
EndProject
Project("{FAE04EC0-301F-11D3-BF4B-00C04F79EFBC}") = "YellowDrawer.Data.NH.Net35", "YellowDrawer.Data.NHibernate\YellowDrawer.Data.NH.Net35.csproj", "{49A47FA5-DA19-432D-9EE5-238F41FA6068}"
EndProject
Project("{FAE04EC0-301F-11D3-BF4B-00C04F79EFBC}") = "YellowDrawer.Data.Common.Net35", "YellowDrawer.Data.Common\YellowDrawer.Data.Common.Net35.csproj", "{BE852C29-ACB6-44EC-83B1-D9DE6AE69E95}"
EndProject
Project("{FAE04EC0-301F-11D3-BF4B-00C04F79EFBC}") = "YellowDrawer.Data.Common.Net4", "YellowDrawer.Data.Common\YellowDrawer.Data.Common.Net4.csproj", "{F5BEAB72-C8D8-4720-862A-BFC61AA4D910}"
EndProject
Project("{FAE04EC0-301F-11D3-BF4B-00C04F79EFBC}") = "YellowDrawer.Data.Common.Core", "YellowDrawer.Data.Common\YellowDrawer.Data.Common.Core\YellowDrawer.Data.Common.Core.csproj", "{12C4C027-0D21-441E-A6CE-B33598C8FFB6}"
EndProject
Project("{FAE04EC0-301F-11D3-BF4B-00C04F79EFBC}") = "YellowDrawer.Data.EF.Core", "YellowDrawer.Data.EF\YellowDrawer.Data.EF.Core\YellowDrawer.Data.EF.Core.csproj", "{1A76081E-B8D8-4A7E-A221-CBAD29E5E6B8}"
EndProject
Global
	GlobalSection(SolutionConfigurationPlatforms) = preSolution
		Debug|Any CPU = Debug|Any CPU
		Release|Any CPU = Release|Any CPU
	EndGlobalSection
	GlobalSection(ProjectConfigurationPlatforms) = postSolution
		{EB218340-D314-441C-A30A-14BE72D580D0}.Debug|Any CPU.ActiveCfg = Debug|Any CPU
		{EB218340-D314-441C-A30A-14BE72D580D0}.Debug|Any CPU.Build.0 = Debug|Any CPU
		{EB218340-D314-441C-A30A-14BE72D580D0}.Release|Any CPU.ActiveCfg = Release|Any CPU
		{EB218340-D314-441C-A30A-14BE72D580D0}.Release|Any CPU.Build.0 = Release|Any CPU
		{B967C7C2-54DB-4DC5-A8D6-8589785BE284}.Debug|Any CPU.ActiveCfg = Debug|Any CPU
		{B967C7C2-54DB-4DC5-A8D6-8589785BE284}.Debug|Any CPU.Build.0 = Debug|Any CPU
		{B967C7C2-54DB-4DC5-A8D6-8589785BE284}.Release|Any CPU.ActiveCfg = Release|Any CPU
		{B967C7C2-54DB-4DC5-A8D6-8589785BE284}.Release|Any CPU.Build.0 = Release|Any CPU
		{E814461F-CCD8-4F5C-B9C2-C15B3E4B7D22}.Debug|Any CPU.ActiveCfg = Debug|Any CPU
		{E814461F-CCD8-4F5C-B9C2-C15B3E4B7D22}.Debug|Any CPU.Build.0 = Debug|Any CPU
		{E814461F-CCD8-4F5C-B9C2-C15B3E4B7D22}.Release|Any CPU.ActiveCfg = Release|Any CPU
		{E814461F-CCD8-4F5C-B9C2-C15B3E4B7D22}.Release|Any CPU.Build.0 = Release|Any CPU
		{683CF428-772A-4E4E-8630-90927A9FF6CE}.Debug|Any CPU.ActiveCfg = Debug|Any CPU
		{683CF428-772A-4E4E-8630-90927A9FF6CE}.Debug|Any CPU.Build.0 = Debug|Any CPU
		{683CF428-772A-4E4E-8630-90927A9FF6CE}.Release|Any CPU.ActiveCfg = Release|Any CPU
		{683CF428-772A-4E4E-8630-90927A9FF6CE}.Release|Any CPU.Build.0 = Release|Any CPU
		{B9307192-02F0-472D-B4A0-DF2A51A259F7}.Debug|Any CPU.ActiveCfg = Debug|Any CPU
		{B9307192-02F0-472D-B4A0-DF2A51A259F7}.Debug|Any CPU.Build.0 = Debug|Any CPU
		{B9307192-02F0-472D-B4A0-DF2A51A259F7}.Release|Any CPU.ActiveCfg = Release|Any CPU
		{B9307192-02F0-472D-B4A0-DF2A51A259F7}.Release|Any CPU.Build.0 = Release|Any CPU
		{95BAE005-A9F3-4280-912E-FF4B8543BE85}.Debug|Any CPU.ActiveCfg = Debug|Any CPU
		{95BAE005-A9F3-4280-912E-FF4B8543BE85}.Debug|Any CPU.Build.0 = Debug|Any CPU
		{95BAE005-A9F3-4280-912E-FF4B8543BE85}.Release|Any CPU.ActiveCfg = Release|Any CPU
		{95BAE005-A9F3-4280-912E-FF4B8543BE85}.Release|Any CPU.Build.0 = Release|Any CPU
		{49A47FA5-DA19-432D-9EE5-238F41FA6068}.Debug|Any CPU.ActiveCfg = Debug|Any CPU
		{49A47FA5-DA19-432D-9EE5-238F41FA6068}.Debug|Any CPU.Build.0 = Debug|Any CPU
		{49A47FA5-DA19-432D-9EE5-238F41FA6068}.Release|Any CPU.ActiveCfg = Release|Any CPU
		{49A47FA5-DA19-432D-9EE5-238F41FA6068}.Release|Any CPU.Build.0 = Release|Any CPU
		{BE852C29-ACB6-44EC-83B1-D9DE6AE69E95}.Debug|Any CPU.ActiveCfg = Debug|Any CPU
		{BE852C29-ACB6-44EC-83B1-D9DE6AE69E95}.Debug|Any CPU.Build.0 = Debug|Any CPU
		{BE852C29-ACB6-44EC-83B1-D9DE6AE69E95}.Release|Any CPU.ActiveCfg = Release|Any CPU
		{BE852C29-ACB6-44EC-83B1-D9DE6AE69E95}.Release|Any CPU.Build.0 = Release|Any CPU
		{F5BEAB72-C8D8-4720-862A-BFC61AA4D910}.Debug|Any CPU.ActiveCfg = Debug|Any CPU
		{F5BEAB72-C8D8-4720-862A-BFC61AA4D910}.Debug|Any CPU.Build.0 = Debug|Any CPU
		{F5BEAB72-C8D8-4720-862A-BFC61AA4D910}.Release|Any CPU.ActiveCfg = Release|Any CPU
		{F5BEAB72-C8D8-4720-862A-BFC61AA4D910}.Release|Any CPU.Build.0 = Release|Any CPU
		{12C4C027-0D21-441E-A6CE-B33598C8FFB6}.Debug|Any CPU.ActiveCfg = Debug|Any CPU
		{12C4C027-0D21-441E-A6CE-B33598C8FFB6}.Debug|Any CPU.Build.0 = Debug|Any CPU
		{12C4C027-0D21-441E-A6CE-B33598C8FFB6}.Release|Any CPU.ActiveCfg = Release|Any CPU
		{12C4C027-0D21-441E-A6CE-B33598C8FFB6}.Release|Any CPU.Build.0 = Release|Any CPU
		{1A76081E-B8D8-4A7E-A221-CBAD29E5E6B8}.Debug|Any CPU.ActiveCfg = Debug|Any CPU
		{1A76081E-B8D8-4A7E-A221-CBAD29E5E6B8}.Debug|Any CPU.Build.0 = Debug|Any CPU
		{1A76081E-B8D8-4A7E-A221-CBAD29E5E6B8}.Release|Any CPU.ActiveCfg = Release|Any CPU
		{1A76081E-B8D8-4A7E-A221-CBAD29E5E6B8}.Release|Any CPU.Build.0 = Release|Any CPU
	EndGlobalSection
	GlobalSection(SolutionProperties) = preSolution
		HideSolutionNode = FALSE
	EndGlobalSection
	GlobalSection(NestedProjects) = preSolution
		{B967C7C2-54DB-4DC5-A8D6-8589785BE284} = {7F289475-1977-483F-9B41-FA472F34C56C}
		{E814461F-CCD8-4F5C-B9C2-C15B3E4B7D22} = {3E583BB9-A68F-4B72-8DC7-2EB6CCFB28E0}
		{683CF428-772A-4E4E-8630-90927A9FF6CE} = {80027E36-464A-48AB-BB5D-F556F0912808}
		{B9307192-02F0-472D-B4A0-DF2A51A259F7} = {80027E36-464A-48AB-BB5D-F556F0912808}
		{95BAE005-A9F3-4280-912E-FF4B8543BE85} = {3E583BB9-A68F-4B72-8DC7-2EB6CCFB28E0}
		{49A47FA5-DA19-432D-9EE5-238F41FA6068} = {3E583BB9-A68F-4B72-8DC7-2EB6CCFB28E0}
		{BE852C29-ACB6-44EC-83B1-D9DE6AE69E95} = {7F289475-1977-483F-9B41-FA472F34C56C}
		{F5BEAB72-C8D8-4720-862A-BFC61AA4D910} = {7F289475-1977-483F-9B41-FA472F34C56C}
		{12C4C027-0D21-441E-A6CE-B33598C8FFB6} = {7F289475-1977-483F-9B41-FA472F34C56C}
		{1A76081E-B8D8-4A7E-A221-CBAD29E5E6B8} = {80027E36-464A-48AB-BB5D-F556F0912808}
	EndGlobalSection
EndGlobal
